
Microsoft Visual Studio Solution File, Format Version 12.00
# Visual Studio Version 17
VisualStudioVersion = 17.0.31903.59
MinimumVisualStudioVersion = 10.0.40219.1
Project("{2150E333-8FDC-42A3-9474-1A3956D46DE8}") = "src", "src", "{9C106164-3A32-4BB7-A7E6-AA25586247C6}"
EndProject
Project("{FAE04EC0-301F-11D3-BF4B-00C04F79EFBC}") = "Isolated", "src\Isolated\Isolated.csproj", "{233E9A0E-BA51-4460-AD34-64C1A0290AC3}"
EndProject
Project("{2150E333-8FDC-42A3-9474-1A3956D46DE8}") = "test", "test", "{7B76E8DD-9E93-44DD-B248-E277A8DFF329}"
EndProject
Project("{FAE04EC0-301F-11D3-BF4B-00C04F79EFBC}") = "Isolated.Tests", "test\Isolated.Tests\Isolated.Tests.csproj", "{69137040-B6B5-4538-B9D9-620862B456D6}"
EndProject
Global
	GlobalSection(SolutionConfigurationPlatforms) = preSolution
		Debug|Any CPU = Debug|Any CPU
		Release|Any CPU = Release|Any CPU
	EndGlobalSection
	GlobalSection(SolutionProperties) = preSolution
		HideSolutionNode = FALSE
	EndGlobalSection
	GlobalSection(ProjectConfigurationPlatforms) = postSolution
		{233E9A0E-BA51-4460-AD34-64C1A0290AC3}.Debug|Any CPU.ActiveCfg = Debug|Any CPU
		{233E9A0E-BA51-4460-AD34-64C1A0290AC3}.Debug|Any CPU.Build.0 = Debug|Any CPU
		{233E9A0E-BA51-4460-AD34-64C1A0290AC3}.Release|Any CPU.ActiveCfg = Release|Any CPU
		{233E9A0E-BA51-4460-AD34-64C1A0290AC3}.Release|Any CPU.Build.0 = Release|Any CPU
		{69137040-B6B5-4538-B9D9-620862B456D6}.Debug|Any CPU.ActiveCfg = Debug|Any CPU
		{69137040-B6B5-4538-B9D9-620862B456D6}.Debug|Any CPU.Build.0 = Debug|Any CPU
		{69137040-B6B5-4538-B9D9-620862B456D6}.Release|Any CPU.ActiveCfg = Release|Any CPU
		{69137040-B6B5-4538-B9D9-620862B456D6}.Release|Any CPU.Build.0 = Release|Any CPU
	EndGlobalSection
	GlobalSection(NestedProjects) = preSolution
		{233E9A0E-BA51-4460-AD34-64C1A0290AC3} = {9C106164-3A32-4BB7-A7E6-AA25586247C6}
		{69137040-B6B5-4538-B9D9-620862B456D6} = {7B76E8DD-9E93-44DD-B248-E277A8DFF329}
	EndGlobalSection
EndGlobal
